
Microsoft Visual Studio Solution File, Format Version 12.00
# Visual Studio 15
VisualStudioVersion = 15.0.28010.2016
MinimumVisualStudioVersion = 10.0.40219.1
Project("{FAE04EC0-301F-11D3-BF4B-00C04F79EFBC}") = "WEB", "WEB\WEB.csproj", "{C7A1C47F-05D7-45E6-8E46-C8CA5185430B}"
EndProject
Project("{FAE04EC0-301F-11D3-BF4B-00C04F79EFBC}") = "Entities", "Entities\Entities.csproj", "{4315455F-190A-42BA-9C0C-A9A7D708F792}"
EndProject
Project("{FAE04EC0-301F-11D3-BF4B-00C04F79EFBC}") = "Helpers", "Helpers\Helpers.csproj", "{28AB7738-85B4-437D-AE86-65215D679421}"
EndProject
Project("{FAE04EC0-301F-11D3-BF4B-00C04F79EFBC}") = "Services", "Services\Services.csproj", "{D61700C7-9EC9-45FB-AF61-AFA544CE969A}"
EndProject
Project("{FAE04EC0-301F-11D3-BF4B-00C04F79EFBC}") = "Repositories", "Repositories\Repositories.csproj", "{346DFF93-4814-40A2-AB1D-58128D9449F4}"
EndProject
Project("{FAE04EC0-301F-11D3-BF4B-00C04F79EFBC}") = "Constants", "Constants\Constants.csproj", "{18815E00-2638-4362-84BF-A18CDCA729DD}"
EndProject
Global
	GlobalSection(SolutionConfigurationPlatforms) = preSolution
		Debug|Any CPU = Debug|Any CPU
		Release|Any CPU = Release|Any CPU
	EndGlobalSection
	GlobalSection(ProjectConfigurationPlatforms) = postSolution
		{C7A1C47F-05D7-45E6-8E46-C8CA5185430B}.Debug|Any CPU.ActiveCfg = Debug|Any CPU
		{C7A1C47F-05D7-45E6-8E46-C8CA5185430B}.Debug|Any CPU.Build.0 = Debug|Any CPU
		{C7A1C47F-05D7-45E6-8E46-C8CA5185430B}.Release|Any CPU.ActiveCfg = Release|Any CPU
		{C7A1C47F-05D7-45E6-8E46-C8CA5185430B}.Release|Any CPU.Build.0 = Release|Any CPU
		{4315455F-190A-42BA-9C0C-A9A7D708F792}.Debug|Any CPU.ActiveCfg = Debug|Any CPU
		{4315455F-190A-42BA-9C0C-A9A7D708F792}.Debug|Any CPU.Build.0 = Debug|Any CPU
		{4315455F-190A-42BA-9C0C-A9A7D708F792}.Release|Any CPU.ActiveCfg = Release|Any CPU
		{4315455F-190A-42BA-9C0C-A9A7D708F792}.Release|Any CPU.Build.0 = Release|Any CPU
		{28AB7738-85B4-437D-AE86-65215D679421}.Debug|Any CPU.ActiveCfg = Debug|Any CPU
		{28AB7738-85B4-437D-AE86-65215D679421}.Debug|Any CPU.Build.0 = Debug|Any CPU
		{28AB7738-85B4-437D-AE86-65215D679421}.Release|Any CPU.ActiveCfg = Release|Any CPU
		{28AB7738-85B4-437D-AE86-65215D679421}.Release|Any CPU.Build.0 = Release|Any CPU
		{D61700C7-9EC9-45FB-AF61-AFA544CE969A}.Debug|Any CPU.ActiveCfg = Debug|Any CPU
		{D61700C7-9EC9-45FB-AF61-AFA544CE969A}.Debug|Any CPU.Build.0 = Debug|Any CPU
		{D61700C7-9EC9-45FB-AF61-AFA544CE969A}.Release|Any CPU.ActiveCfg = Release|Any CPU
		{D61700C7-9EC9-45FB-AF61-AFA544CE969A}.Release|Any CPU.Build.0 = Release|Any CPU
		{346DFF93-4814-40A2-AB1D-58128D9449F4}.Debug|Any CPU.ActiveCfg = Debug|Any CPU
		{346DFF93-4814-40A2-AB1D-58128D9449F4}.Debug|Any CPU.Build.0 = Debug|Any CPU
		{346DFF93-4814-40A2-AB1D-58128D9449F4}.Release|Any CPU.ActiveCfg = Release|Any CPU
		{346DFF93-4814-40A2-AB1D-58128D9449F4}.Release|Any CPU.Build.0 = Release|Any CPU
		{18815E00-2638-4362-84BF-A18CDCA729DD}.Debug|Any CPU.ActiveCfg = Debug|Any CPU
		{18815E00-2638-4362-84BF-A18CDCA729DD}.Debug|Any CPU.Build.0 = Debug|Any CPU
		{18815E00-2638-4362-84BF-A18CDCA729DD}.Release|Any CPU.ActiveCfg = Release|Any CPU
		{18815E00-2638-4362-84BF-A18CDCA729DD}.Release|Any CPU.Build.0 = Release|Any CPU
	EndGlobalSection
	GlobalSection(SolutionProperties) = preSolution
		HideSolutionNode = FALSE
	EndGlobalSection
	GlobalSection(ExtensibilityGlobals) = postSolution
		SolutionGuid = {3F868320-43BB-42E9-9EE5-9DA29DD7708E}
	EndGlobalSection
EndGlobal
