
Microsoft Visual Studio Solution File, Format Version 12.00
# Visual Studio 15
VisualStudioVersion = 15.0.28010.2016
MinimumVisualStudioVersion = 10.0.40219.1
Project("{FAE04EC0-301F-11D3-BF4B-00C04F79EFBC}") = "WEB", "WEB\WEB.csproj", "{6010F536-1BC5-4F87-AC46-ADEF277B2AA1}"
EndProject
Project("{FAE04EC0-301F-11D3-BF4B-00C04F79EFBC}") = "Entities", "Entities\Entities.csproj", "{1425E557-7029-4C77-9518-73E8E6D70195}"
EndProject
Project("{FAE04EC0-301F-11D3-BF4B-00C04F79EFBC}") = "Repositories", "Repositories\Repositories.csproj", "{18D27A7B-0421-4D2D-8BF8-A8E9D2ECB6D2}"
EndProject
Project("{FAE04EC0-301F-11D3-BF4B-00C04F79EFBC}") = "Services", "Services\Services.csproj", "{4D42AD72-BAA6-4C74-B098-718D6225B785}"
EndProject
Project("{FAE04EC0-301F-11D3-BF4B-00C04F79EFBC}") = "Constants", "Constants\Constants.csproj", "{4613D820-07CC-455C-9C66-5AC56005237A}"
EndProject
Project("{FAE04EC0-301F-11D3-BF4B-00C04F79EFBC}") = "Helpers", "Helpers\Helpers.csproj", "{1FB78601-83C1-4CA5-B327-4E19F5929594}"
EndProject
Project("{FAE04EC0-301F-11D3-BF4B-00C04F79EFBC}") = "Library", "Library\Library.csproj", "{434FED39-4EC1-4797-BB2D-246432B3D4FD}"
EndProject
Global
	GlobalSection(SolutionConfigurationPlatforms) = preSolution
		Debug|Any CPU = Debug|Any CPU
		Release|Any CPU = Release|Any CPU
	EndGlobalSection
	GlobalSection(ProjectConfigurationPlatforms) = postSolution
		{6010F536-1BC5-4F87-AC46-ADEF277B2AA1}.Debug|Any CPU.ActiveCfg = Debug|Any CPU
		{6010F536-1BC5-4F87-AC46-ADEF277B2AA1}.Debug|Any CPU.Build.0 = Debug|Any CPU
		{6010F536-1BC5-4F87-AC46-ADEF277B2AA1}.Release|Any CPU.ActiveCfg = Release|Any CPU
		{6010F536-1BC5-4F87-AC46-ADEF277B2AA1}.Release|Any CPU.Build.0 = Release|Any CPU
		{1425E557-7029-4C77-9518-73E8E6D70195}.Debug|Any CPU.ActiveCfg = Debug|Any CPU
		{1425E557-7029-4C77-9518-73E8E6D70195}.Debug|Any CPU.Build.0 = Debug|Any CPU
		{1425E557-7029-4C77-9518-73E8E6D70195}.Release|Any CPU.ActiveCfg = Release|Any CPU
		{1425E557-7029-4C77-9518-73E8E6D70195}.Release|Any CPU.Build.0 = Release|Any CPU
		{18D27A7B-0421-4D2D-8BF8-A8E9D2ECB6D2}.Debug|Any CPU.ActiveCfg = Debug|Any CPU
		{18D27A7B-0421-4D2D-8BF8-A8E9D2ECB6D2}.Debug|Any CPU.Build.0 = Debug|Any CPU
		{18D27A7B-0421-4D2D-8BF8-A8E9D2ECB6D2}.Release|Any CPU.ActiveCfg = Release|Any CPU
		{18D27A7B-0421-4D2D-8BF8-A8E9D2ECB6D2}.Release|Any CPU.Build.0 = Release|Any CPU
		{4D42AD72-BAA6-4C74-B098-718D6225B785}.Debug|Any CPU.ActiveCfg = Debug|Any CPU
		{4D42AD72-BAA6-4C74-B098-718D6225B785}.Debug|Any CPU.Build.0 = Debug|Any CPU
		{4D42AD72-BAA6-4C74-B098-718D6225B785}.Release|Any CPU.ActiveCfg = Release|Any CPU
		{4D42AD72-BAA6-4C74-B098-718D6225B785}.Release|Any CPU.Build.0 = Release|Any CPU
		{4613D820-07CC-455C-9C66-5AC56005237A}.Debug|Any CPU.ActiveCfg = Debug|Any CPU
		{4613D820-07CC-455C-9C66-5AC56005237A}.Debug|Any CPU.Build.0 = Debug|Any CPU
		{4613D820-07CC-455C-9C66-5AC56005237A}.Release|Any CPU.ActiveCfg = Release|Any CPU
		{4613D820-07CC-455C-9C66-5AC56005237A}.Release|Any CPU.Build.0 = Release|Any CPU
		{1FB78601-83C1-4CA5-B327-4E19F5929594}.Debug|Any CPU.ActiveCfg = Debug|Any CPU
		{1FB78601-83C1-4CA5-B327-4E19F5929594}.Debug|Any CPU.Build.0 = Debug|Any CPU
		{1FB78601-83C1-4CA5-B327-4E19F5929594}.Release|Any CPU.ActiveCfg = Release|Any CPU
		{1FB78601-83C1-4CA5-B327-4E19F5929594}.Release|Any CPU.Build.0 = Release|Any CPU
		{434FED39-4EC1-4797-BB2D-246432B3D4FD}.Debug|Any CPU.ActiveCfg = Debug|Any CPU
		{434FED39-4EC1-4797-BB2D-246432B3D4FD}.Debug|Any CPU.Build.0 = Debug|Any CPU
		{434FED39-4EC1-4797-BB2D-246432B3D4FD}.Release|Any CPU.ActiveCfg = Release|Any CPU
		{434FED39-4EC1-4797-BB2D-246432B3D4FD}.Release|Any CPU.Build.0 = Release|Any CPU
	EndGlobalSection
	GlobalSection(SolutionProperties) = preSolution
		HideSolutionNode = FALSE
	EndGlobalSection
	GlobalSection(ExtensibilityGlobals) = postSolution
		SolutionGuid = {64BE3826-F86F-45FA-9B86-9F925B432DAC}
	EndGlobalSection
EndGlobal
